
Microsoft Visual Studio Solution File, Format Version 12.00
# Visual Studio Version 16
VisualStudioVersion = 16.0.30225.117
MinimumVisualStudioVersion = 10.0.40219.1
Project("{FAE04EC0-301F-11D3-BF4B-00C04F79EFBC}") = "WindowsFormsApp1", "WindowsFormsApp1\WindowsFormsApp1.csproj", "{AC59F78A-D0DF-49CC-AA43-099C6F1D5872}"
EndProject
Global
	GlobalSection(SolutionConfigurationPlatforms) = preSolution
		Debug|Any CPU = Debug|Any CPU
		Release|Any CPU = Release|Any CPU
	EndGlobalSection
	GlobalSection(ProjectConfigurationPlatforms) = postSolution
		{AC59F78A-D0DF-49CC-AA43-099C6F1D5872}.Debug|Any CPU.ActiveCfg = Debug|Any CPU
		{AC59F78A-D0DF-49CC-AA43-099C6F1D5872}.Debug|Any CPU.Build.0 = Debug|Any CPU
		{AC59F78A-D0DF-49CC-AA43-099C6F1D5872}.Release|Any CPU.ActiveCfg = Release|Any CPU
		{AC59F78A-D0DF-49CC-AA43-099C6F1D5872}.Release|Any CPU.Build.0 = Release|Any CPU
	EndGlobalSection
	GlobalSection(SolutionProperties) = preSolution
		HideSolutionNode = FALSE
	EndGlobalSection
	GlobalSection(ExtensibilityGlobals) = postSolution
		SolutionGuid = {5E88E216-CC28-446E-B268-5889C485525B}
	EndGlobalSection
EndGlobal
